// !$*UTF8*$!
{
	archiveVersion = 1;
	classes = {
	};
	objectVersion = 46;
	objects = {

/* Begin PBXBuildFile section */
		9131B4D91C6FACB000E8BB3C /* PoneyDataModel.swift in Sources */ = {isa = PBXBuildFile; fileRef = 9131B4D81C6FACB000E8BB3C /* PoneyDataModel.swift */; };
		914384D71C70CD2C003295B5 /* RainbowViewController.swift in Sources */ = {isa = PBXBuildFile; fileRef = 914384D61C70CD2C003295B5 /* RainbowViewController.swift */; };
		914384D91C70E099003295B5 /* Extensions.swift in Sources */ = {isa = PBXBuildFile; fileRef = 914384D81C70E099003295B5 /* Extensions.swift */; };
		91E8E69C1C6FB783007D065A /* PoneyTabBarController.swift in Sources */ = {isa = PBXBuildFile; fileRef = 91E8E69B1C6FB783007D065A /* PoneyTabBarController.swift */; };
		B542010A1C6F7B890006171D /* PoneyCell.swift in Sources */ = {isa = PBXBuildFile; fileRef = B54201091C6F7B890006171D /* PoneyCell.swift */; };
		B55CA0EA1C6F3A7800F976DB /* AppDelegate.swift in Sources */ = {isa = PBXBuildFile; fileRef = B55CA0E91C6F3A7800F976DB /* AppDelegate.swift */; };
		B55CA0F11C6F3A7800F976DB /* Main.storyboard in Resources */ = {isa = PBXBuildFile; fileRef = B55CA0EF1C6F3A7800F976DB /* Main.storyboard */; };
		B55CA0F31C6F3A7800F976DB /* Assets.xcassets in Resources */ = {isa = PBXBuildFile; fileRef = B55CA0F21C6F3A7800F976DB /* Assets.xcassets */; };
		B55CA0F61C6F3A7800F976DB /* LaunchScreen.storyboard in Resources */ = {isa = PBXBuildFile; fileRef = B55CA0F41C6F3A7800F976DB /* LaunchScreen.storyboard */; };
		B566B85A1C6F6E9C008C80E4 /* PoneyListViewController.swift in Sources */ = {isa = PBXBuildFile; fileRef = B566B8591C6F6E9C008C80E4 /* PoneyListViewController.swift */; };
		B5E2750A1C6F835000E1DEB0 /* MapKit.framework in Frameworks */ = {isa = PBXBuildFile; fileRef = B5E275091C6F835000E1DEB0 /* MapKit.framework */; };
		B5EF38461C6F855E00A6CEB6 /* MapViewController.swift in Sources */ = {isa = PBXBuildFile; fileRef = B5EF38451C6F855E00A6CEB6 /* MapViewController.swift */; };
/* End PBXBuildFile section */

/* Begin PBXContainerItemProxy section */
		B55CA0FD1C6F3A7800F976DB /* PBXContainerItemProxy */ = {
			isa = PBXContainerItemProxy;
			containerPortal = B55CA0DE1C6F3A7700F976DB /* Project object */;
			proxyType = 1;
			remoteGlobalIDString = B55CA0E51C6F3A7700F976DB;
			remoteInfo = poney;
		};
		B55CA1081C6F3A7800F976DB /* PBXContainerItemProxy */ = {
			isa = PBXContainerItemProxy;
			containerPortal = B55CA0DE1C6F3A7700F976DB /* Project object */;
			proxyType = 1;
			remoteGlobalIDString = B55CA0E51C6F3A7700F976DB;
			remoteInfo = poney;
		};
/* End PBXContainerItemProxy section */

/* Begin PBXFileReference section */
		9131B4D81C6FACB000E8BB3C /* PoneyDataModel.swift */ = {isa = PBXFileReference; fileEncoding = 4; lastKnownFileType = sourcecode.swift; path = PoneyDataModel.swift; sourceTree = "<group>"; };
		914384D61C70CD2C003295B5 /* RainbowViewController.swift */ = {isa = PBXFileReference; fileEncoding = 4; lastKnownFileType = sourcecode.swift; path = RainbowViewController.swift; sourceTree = "<group>"; };
		914384D81C70E099003295B5 /* Extensions.swift */ = {isa = PBXFileReference; fileEncoding = 4; lastKnownFileType = sourcecode.swift; path = Extensions.swift; sourceTree = "<group>"; };
		91E8E69B1C6FB783007D065A /* PoneyTabBarController.swift */ = {isa = PBXFileReference; fileEncoding = 4; lastKnownFileType = sourcecode.swift; path = PoneyTabBarController.swift; sourceTree = "<group>"; };
		B54201091C6F7B890006171D /* PoneyCell.swift */ = {isa = PBXFileReference; fileEncoding = 4; lastKnownFileType = sourcecode.swift; path = PoneyCell.swift; sourceTree = "<group>"; };
		B55CA0E61C6F3A7700F976DB /* poney.app */ = {isa = PBXFileReference; explicitFileType = wrapper.application; includeInIndex = 0; path = poney.app; sourceTree = BUILT_PRODUCTS_DIR; };
		B55CA0E91C6F3A7800F976DB /* AppDelegate.swift */ = {isa = PBXFileReference; lastKnownFileType = sourcecode.swift; path = AppDelegate.swift; sourceTree = "<group>"; };
		B55CA0F01C6F3A7800F976DB /* Base */ = {isa = PBXFileReference; lastKnownFileType = file.storyboard; name = Base; path = Base.lproj/Main.storyboard; sourceTree = "<group>"; };
		B55CA0F21C6F3A7800F976DB /* Assets.xcassets */ = {isa = PBXFileReference; lastKnownFileType = folder.assetcatalog; path = Assets.xcassets; sourceTree = "<group>"; };
		B55CA0F51C6F3A7800F976DB /* Base */ = {isa = PBXFileReference; lastKnownFileType = file.storyboard; name = Base; path = Base.lproj/LaunchScreen.storyboard; sourceTree = "<group>"; };
		B55CA0F71C6F3A7800F976DB /* Info.plist */ = {isa = PBXFileReference; lastKnownFileType = text.plist.xml; path = Info.plist; sourceTree = "<group>"; };
		B55CA0FC1C6F3A7800F976DB /* poneyTests.xctest */ = {isa = PBXFileReference; explicitFileType = wrapper.cfbundle; includeInIndex = 0; path = poneyTests.xctest; sourceTree = BUILT_PRODUCTS_DIR; };
		B55CA1071C6F3A7800F976DB /* poneyUITests.xctest */ = {isa = PBXFileReference; explicitFileType = wrapper.cfbundle; includeInIndex = 0; path = poneyUITests.xctest; sourceTree = BUILT_PRODUCTS_DIR; };
		B566B8591C6F6E9C008C80E4 /* PoneyListViewController.swift */ = {isa = PBXFileReference; fileEncoding = 4; lastKnownFileType = sourcecode.swift; path = PoneyListViewController.swift; sourceTree = "<group>"; };
		B5E275091C6F835000E1DEB0 /* MapKit.framework */ = {isa = PBXFileReference; lastKnownFileType = wrapper.framework; name = MapKit.framework; path = System/Library/Frameworks/MapKit.framework; sourceTree = SDKROOT; };
		B5EF38451C6F855E00A6CEB6 /* MapViewController.swift */ = {isa = PBXFileReference; fileEncoding = 4; lastKnownFileType = sourcecode.swift; path = MapViewController.swift; sourceTree = "<group>"; };
/* End PBXFileReference section */

/* Begin PBXFrameworksBuildPhase section */
		B55CA0E31C6F3A7700F976DB /* Frameworks */ = {
			isa = PBXFrameworksBuildPhase;
			buildActionMask = 2147483647;
			files = (
				B5E2750A1C6F835000E1DEB0 /* MapKit.framework in Frameworks */,
			);
			runOnlyForDeploymentPostprocessing = 0;
		};
		B55CA0F91C6F3A7800F976DB /* Frameworks */ = {
			isa = PBXFrameworksBuildPhase;
			buildActionMask = 2147483647;
			files = (
			);
			runOnlyForDeploymentPostprocessing = 0;
		};
		B55CA1041C6F3A7800F976DB /* Frameworks */ = {
			isa = PBXFrameworksBuildPhase;
			buildActionMask = 2147483647;
			files = (
			);
			runOnlyForDeploymentPostprocessing = 0;
		};
/* End PBXFrameworksBuildPhase section */

/* Begin PBXGroup section */
		B55CA0DD1C6F3A7700F976DB = {
			isa = PBXGroup;
			children = (
				B5E275091C6F835000E1DEB0 /* MapKit.framework */,
				B55CA0E81C6F3A7700F976DB /* poney */,
				B55CA0E71C6F3A7700F976DB /* Products */,
			);
			sourceTree = "<group>";
		};
		B55CA0E71C6F3A7700F976DB /* Products */ = {
			isa = PBXGroup;
			children = (
				B55CA0E61C6F3A7700F976DB /* poney.app */,
				B55CA0FC1C6F3A7800F976DB /* poneyTests.xctest */,
				B55CA1071C6F3A7800F976DB /* poneyUITests.xctest */,
			);
			name = Products;
			sourceTree = "<group>";
		};
		B55CA0E81C6F3A7700F976DB /* poney */ = {
			isa = PBXGroup;
			children = (
				B55CA0E91C6F3A7800F976DB /* AppDelegate.swift */,
				B55CA0EF1C6F3A7800F976DB /* Main.storyboard */,
				B55CA0F21C6F3A7800F976DB /* Assets.xcassets */,
				B55CA0F41C6F3A7800F976DB /* LaunchScreen.storyboard */,
				B55CA0F71C6F3A7800F976DB /* Info.plist */,
				B566B8591C6F6E9C008C80E4 /* PoneyListViewController.swift */,
				B54201091C6F7B890006171D /* PoneyCell.swift */,
				B5EF38451C6F855E00A6CEB6 /* MapViewController.swift */,
				9131B4D81C6FACB000E8BB3C /* PoneyDataModel.swift */,
				91E8E69B1C6FB783007D065A /* PoneyTabBarController.swift */,
				914384D61C70CD2C003295B5 /* RainbowViewController.swift */,
				914384D81C70E099003295B5 /* Extensions.swift */,
			);
			path = poney;
			sourceTree = "<group>";
		};
/* End PBXGroup section */

/* Begin PBXNativeTarget section */
		B55CA0E51C6F3A7700F976DB /* poney */ = {
			isa = PBXNativeTarget;
			buildConfigurationList = B55CA1101C6F3A7800F976DB /* Build configuration list for PBXNativeTarget "poney" */;
			buildPhases = (
				B55CA0E21C6F3A7700F976DB /* Sources */,
				B55CA0E31C6F3A7700F976DB /* Frameworks */,
				B55CA0E41C6F3A7700F976DB /* Resources */,
			);
			buildRules = (
			);
			dependencies = (
			);
			name = poney;
			productName = poney;
			productReference = B55CA0E61C6F3A7700F976DB /* poney.app */;
			productType = "com.apple.product-type.application";
		};
		B55CA0FB1C6F3A7800F976DB /* poneyTests */ = {
			isa = PBXNativeTarget;
			buildConfigurationList = B55CA1131C6F3A7800F976DB /* Build configuration list for PBXNativeTarget "poneyTests" */;
			buildPhases = (
				B55CA0F81C6F3A7800F976DB /* Sources */,
				B55CA0F91C6F3A7800F976DB /* Frameworks */,
				B55CA0FA1C6F3A7800F976DB /* Resources */,
			);
			buildRules = (
			);
			dependencies = (
				B55CA0FE1C6F3A7800F976DB /* PBXTargetDependency */,
			);
			name = poneyTests;
			productName = poneyTests;
			productReference = B55CA0FC1C6F3A7800F976DB /* poneyTests.xctest */;
			productType = "com.apple.product-type.bundle.unit-test";
		};
		B55CA1061C6F3A7800F976DB /* poneyUITests */ = {
			isa = PBXNativeTarget;
			buildConfigurationList = B55CA1161C6F3A7800F976DB /* Build configuration list for PBXNativeTarget "poneyUITests" */;
			buildPhases = (
				B55CA1031C6F3A7800F976DB /* Sources */,
				B55CA1041C6F3A7800F976DB /* Frameworks */,
				B55CA1051C6F3A7800F976DB /* Resources */,
			);
			buildRules = (
			);
			dependencies = (
				B55CA1091C6F3A7800F976DB /* PBXTargetDependency */,
			);
			name = poneyUITests;
			productName = poneyUITests;
			productReference = B55CA1071C6F3A7800F976DB /* poneyUITests.xctest */;
			productType = "com.apple.product-type.bundle.ui-testing";
		};
/* End PBXNativeTarget section */

/* Begin PBXProject section */
		B55CA0DE1C6F3A7700F976DB /* Project object */ = {
			isa = PBXProject;
			attributes = {
				LastSwiftUpdateCheck = 0720;
				LastUpgradeCheck = 0720;
				ORGANIZATIONNAME = "Alain DEMENET";
				TargetAttributes = {
					B55CA0E51C6F3A7700F976DB = {
						CreatedOnToolsVersion = 7.2;
						SystemCapabilities = {
							com.apple.Maps.iOS = {
								enabled = 1;
							};
						};
					};
					B55CA0FB1C6F3A7800F976DB = {
						CreatedOnToolsVersion = 7.2;
						TestTargetID = B55CA0E51C6F3A7700F976DB;
					};
					B55CA1061C6F3A7800F976DB = {
						CreatedOnToolsVersion = 7.2;
						TestTargetID = B55CA0E51C6F3A7700F976DB;
					};
				};
			};
			buildConfigurationList = B55CA0E11C6F3A7700F976DB /* Build configuration list for PBXProject "poney" */;
			compatibilityVersion = "Xcode 3.2";
			developmentRegion = English;
			hasScannedForEncodings = 0;
			knownRegions = (
				en,
				Base,
			);
			mainGroup = B55CA0DD1C6F3A7700F976DB;
			productRefGroup = B55CA0E71C6F3A7700F976DB /* Products */;
			projectDirPath = "";
			projectRoot = "";
			targets = (
				B55CA0E51C6F3A7700F976DB /* poney */,
				B55CA0FB1C6F3A7800F976DB /* poneyTests */,
				B55CA1061C6F3A7800F976DB /* poneyUITests */,
			);
		};
/* End PBXProject section */

/* Begin PBXResourcesBuildPhase section */
		B55CA0E41C6F3A7700F976DB /* Resources */ = {
			isa = PBXResourcesBuildPhase;
			buildActionMask = 2147483647;
			files = (
				B55CA0F61C6F3A7800F976DB /* LaunchScreen.storyboard in Resources */,
				B55CA0F31C6F3A7800F976DB /* Assets.xcassets in Resources */,
				B55CA0F11C6F3A7800F976DB /* Main.storyboard in Resources */,
			);
			runOnlyForDeploymentPostprocessing = 0;
		};
		B55CA0FA1C6F3A7800F976DB /* Resources */ = {
			isa = PBXResourcesBuildPhase;
			buildActionMask = 2147483647;
			files = (
			);
			runOnlyForDeploymentPostprocessing = 0;
		};
		B55CA1051C6F3A7800F976DB /* Resources */ = {
			isa = PBXResourcesBuildPhase;
			buildActionMask = 2147483647;
			files = (
			);
			runOnlyForDeploymentPostprocessing = 0;
		};
/* End PBXResourcesBuildPhase section */

/* Begin PBXSourcesBuildPhase section */
		B55CA0E21C6F3A7700F976DB /* Sources */ = {
			isa = PBXSourcesBuildPhase;
			buildActionMask = 2147483647;
			files = (
				B55CA0EA1C6F3A7800F976DB /* AppDelegate.swift in Sources */,
				91E8E69C1C6FB783007D065A /* PoneyTabBarController.swift in Sources */,
				B566B85A1C6F6E9C008C80E4 /* PoneyListViewController.swift in Sources */,
				914384D91C70E099003295B5 /* Extensions.swift in Sources */,
				9131B4D91C6FACB000E8BB3C /* PoneyDataModel.swift in Sources */,
				B5EF38461C6F855E00A6CEB6 /* MapViewController.swift in Sources */,
				914384D71C70CD2C003295B5 /* RainbowViewController.swift in Sources */,
				B542010A1C6F7B890006171D /* PoneyCell.swift in Sources */,
			);
			runOnlyForDeploymentPostprocessing = 0;
		};
		B55CA0F81C6F3A7800F976DB /* Sources */ = {
			isa = PBXSourcesBuildPhase;
			buildActionMask = 2147483647;
			files = (
			);
			runOnlyForDeploymentPostprocessing = 0;
		};
		B55CA1031C6F3A7800F976DB /* Sources */ = {
			isa = PBXSourcesBuildPhase;
			buildActionMask = 2147483647;
			files = (
			);
			runOnlyForDeploymentPostprocessing = 0;
		};
/* End PBXSourcesBuildPhase section */

/* Begin PBXTargetDependency section */
		B55CA0FE1C6F3A7800F976DB /* PBXTargetDependency */ = {
			isa = PBXTargetDependency;
			target = B55CA0E51C6F3A7700F976DB /* poney */;
			targetProxy = B55CA0FD1C6F3A7800F976DB /* PBXContainerItemProxy */;
		};
		B55CA1091C6F3A7800F976DB /* PBXTargetDependency */ = {
			isa = PBXTargetDependency;
			target = B55CA0E51C6F3A7700F976DB /* poney */;
			targetProxy = B55CA1081C6F3A7800F976DB /* PBXContainerItemProxy */;
		};
/* End PBXTargetDependency section */

/* Begin PBXVariantGroup section */
		B55CA0EF1C6F3A7800F976DB /* Main.storyboard */ = {
			isa = PBXVariantGroup;
			children = (
				B55CA0F01C6F3A7800F976DB /* Base */,
			);
			name = Main.storyboard;
			sourceTree = "<group>";
		};
		B55CA0F41C6F3A7800F976DB /* LaunchScreen.storyboard */ = {
			isa = PBXVariantGroup;
			children = (
				B55CA0F51C6F3A7800F976DB /* Base */,
			);
			name = LaunchScreen.storyboard;
			sourceTree = "<group>";
		};
/* End PBXVariantGroup section */

/* Begin XCBuildConfiguration section */
		B55CA10E1C6F3A7800F976DB /* Debug */ = {
			isa = XCBuildConfiguration;
			buildSettings = {
				ALWAYS_SEARCH_USER_PATHS = NO;
				CLANG_CXX_LANGUAGE_STANDARD = "gnu++0x";
				CLANG_CXX_LIBRARY = "libc++";
				CLANG_ENABLE_MODULES = YES;
				CLANG_ENABLE_OBJC_ARC = YES;
				CLANG_WARN_BOOL_CONVERSION = YES;
				CLANG_WARN_CONSTANT_CONVERSION = YES;
				CLANG_WARN_DIRECT_OBJC_ISA_USAGE = YES_ERROR;
				CLANG_WARN_EMPTY_BODY = YES;
				CLANG_WARN_ENUM_CONVERSION = YES;
				CLANG_WARN_INT_CONVERSION = YES;
				CLANG_WARN_OBJC_ROOT_CLASS = YES_ERROR;
				CLANG_WARN_UNREACHABLE_CODE = YES;
				CLANG_WARN__DUPLICATE_METHOD_MATCH = YES;
				"CODE_SIGN_IDENTITY[sdk=iphoneos*]" = "iPhone Developer";
				COPY_PHASE_STRIP = NO;
				DEBUG_INFORMATION_FORMAT = dwarf;
				ENABLE_STRICT_OBJC_MSGSEND = YES;
				ENABLE_TESTABILITY = YES;
				GCC_C_LANGUAGE_STANDARD = gnu99;
				GCC_DYNAMIC_NO_PIC = NO;
				GCC_NO_COMMON_BLOCKS = YES;
				GCC_OPTIMIZATION_LEVEL = 0;
				GCC_PREPROCESSOR_DEFINITIONS = (
					"DEBUG=1",
					"$(inherited)",
				);
				GCC_WARN_64_TO_32_BIT_CONVERSION = YES;
				GCC_WARN_ABOUT_RETURN_TYPE = YES_ERROR;
				GCC_WARN_UNDECLARED_SELECTOR = YES;
				GCC_WARN_UNINITIALIZED_AUTOS = YES_AGGRESSIVE;
				GCC_WARN_UNUSED_FUNCTION = YES;
				GCC_WARN_UNUSED_VARIABLE = YES;
				IPHONEOS_DEPLOYMENT_TARGET = 9.2;
				MTL_ENABLE_DEBUG_INFO = YES;
				ONLY_ACTIVE_ARCH = YES;
				SDKROOT = iphoneos;
				SWIFT_OPTIMIZATION_LEVEL = "-Onone";
			};
			name = Debug;
		};
		B55CA10F1C6F3A7800F976DB /* Release */ = {
			isa = XCBuildConfiguration;
			buildSettings = {
				ALWAYS_SEARCH_USER_PATHS = NO;
				CLANG_CXX_LANGUAGE_STANDARD = "gnu++0x";
				CLANG_CXX_LIBRARY = "libc++";
				CLANG_ENABLE_MODULES = YES;
				CLANG_ENABLE_OBJC_ARC = YES;
				CLANG_WARN_BOOL_CONVERSION = YES;
				CLANG_WARN_CONSTANT_CONVERSION = YES;
				CLANG_WARN_DIRECT_OBJC_ISA_USAGE = YES_ERROR;
				CLANG_WARN_EMPTY_BODY = YES;
				CLANG_WARN_ENUM_CONVERSION = YES;
				CLANG_WARN_INT_CONVERSION = YES;
				CLANG_WARN_OBJC_ROOT_CLASS = YES_ERROR;
				CLANG_WARN_UNREACHABLE_CODE = YES;
				CLANG_WARN__DUPLICATE_METHOD_MATCH = YES;
				"CODE_SIGN_IDENTITY[sdk=iphoneos*]" = "iPhone Developer";
				COPY_PHASE_STRIP = NO;
				DEBUG_INFORMATION_FORMAT = "dwarf-with-dsym";
				ENABLE_NS_ASSERTIONS = NO;
				ENABLE_STRICT_OBJC_MSGSEND = YES;
				GCC_C_LANGUAGE_STANDARD = gnu99;
				GCC_NO_COMMON_BLOCKS = YES;
				GCC_WARN_64_TO_32_BIT_CONVERSION = YES;
				GCC_WARN_ABOUT_RETURN_TYPE = YES_ERROR;
				GCC_WARN_UNDECLARED_SELECTOR = YES;
				GCC_WARN_UNINITIALIZED_AUTOS = YES_AGGRESSIVE;
				GCC_WARN_UNUSED_FUNCTION = YES;
				GCC_WARN_UNUSED_VARIABLE = YES;
				IPHONEOS_DEPLOYMENT_TARGET = 9.2;
				MTL_ENABLE_DEBUG_INFO = NO;
				SDKROOT = iphoneos;
				VALIDATE_PRODUCT = YES;
			};
			name = Release;
		};
		B55CA1111C6F3A7800F976DB /* Debug */ = {
			isa = XCBuildConfiguration;
			buildSettings = {
				ASSETCATALOG_COMPILER_APPICON_NAME = AppIcon;
				INFOPLIST_FILE = poney/Info.plist;
				LD_RUNPATH_SEARCH_PATHS = "$(inherited) @executable_path/Frameworks";
				PRODUCT_BUNDLE_IDENTIFIER = ademenet.poney;
				PRODUCT_NAME = "$(TARGET_NAME)";
			};
			name = Debug;
		};
		B55CA1121C6F3A7800F976DB /* Release */ = {
			isa = XCBuildConfiguration;
			buildSettings = {
				ASSETCATALOG_COMPILER_APPICON_NAME = AppIcon;
				INFOPLIST_FILE = poney/Info.plist;
				LD_RUNPATH_SEARCH_PATHS = "$(inherited) @executable_path/Frameworks";
				PRODUCT_BUNDLE_IDENTIFIER = ademenet.poney;
				PRODUCT_NAME = "$(TARGET_NAME)";
			};
			name = Release;
		};
		B55CA1141C6F3A7800F976DB /* Debug */ = {
			isa = XCBuildConfiguration;
			buildSettings = {
				BUNDLE_LOADER = "$(TEST_HOST)";
				INFOPLIST_FILE = poneyTests/Info.plist;
				LD_RUNPATH_SEARCH_PATHS = "$(inherited) @executable_path/Frameworks @loader_path/Frameworks";
				PRODUCT_BUNDLE_IDENTIFIER = ademenet.poneyTests;
				PRODUCT_NAME = "$(TARGET_NAME)";
				TEST_HOST = "$(BUILT_PRODUCTS_DIR)/poney.app/poney";
			};
			name = Debug;
		};
		B55CA1151C6F3A7800F976DB /* Release */ = {
			isa = XCBuildConfiguration;
			buildSettings = {
				BUNDLE_LOADER = "$(TEST_HOST)";
				INFOPLIST_FILE = poneyTests/Info.plist;
				LD_RUNPATH_SEARCH_PATHS = "$(inherited) @executable_path/Frameworks @loader_path/Frameworks";
				PRODUCT_BUNDLE_IDENTIFIER = ademenet.poneyTests;
				PRODUCT_NAME = "$(TARGET_NAME)";
				TEST_HOST = "$(BUILT_PRODUCTS_DIR)/poney.app/poney";
			};
			name = Release;
		};
		B55CA1171C6F3A7800F976DB /* Debug */ = {
			isa = XCBuildConfiguration;
			buildSettings = {
				INFOPLIST_FILE = poneyUITests/Info.plist;
				LD_RUNPATH_SEARCH_PATHS = "$(inherited) @executable_path/Frameworks @loader_path/Frameworks";
				PRODUCT_BUNDLE_IDENTIFIER = ademenet.poneyUITests;
				PRODUCT_NAME = "$(TARGET_NAME)";
				TEST_TARGET_NAME = poney;
				USES_XCTRUNNER = YES;
			};
			name = Debug;
		};
		B55CA1181C6F3A7800F976DB /* Release */ = {
			isa = XCBuildConfiguration;
			buildSettings = {
				INFOPLIST_FILE = poneyUITests/Info.plist;
				LD_RUNPATH_SEARCH_PATHS = "$(inherited) @executable_path/Frameworks @loader_path/Frameworks";
				PRODUCT_BUNDLE_IDENTIFIER = ademenet.poneyUITests;
				PRODUCT_NAME = "$(TARGET_NAME)";
				TEST_TARGET_NAME = poney;
				USES_XCTRUNNER = YES;
			};
			name = Release;
		};
/* End XCBuildConfiguration section */

/* Begin XCConfigurationList section */
		B55CA0E11C6F3A7700F976DB /* Build configuration list for PBXProject "poney" */ = {
			isa = XCConfigurationList;
			buildConfigurations = (
				B55CA10E1C6F3A7800F976DB /* Debug */,
				B55CA10F1C6F3A7800F976DB /* Release */,
			);
			defaultConfigurationIsVisible = 0;
			defaultConfigurationName = Release;
		};
		B55CA1101C6F3A7800F976DB /* Build configuration list for PBXNativeTarget "poney" */ = {
			isa = XCConfigurationList;
			buildConfigurations = (
				B55CA1111C6F3A7800F976DB /* Debug */,
				B55CA1121C6F3A7800F976DB /* Release */,
			);
			defaultConfigurationIsVisible = 0;
			defaultConfigurationName = Release;
		};
		B55CA1131C6F3A7800F976DB /* Build configuration list for PBXNativeTarget "poneyTests" */ = {
			isa = XCConfigurationList;
			buildConfigurations = (
				B55CA1141C6F3A7800F976DB /* Debug */,
				B55CA1151C6F3A7800F976DB /* Release */,
			);
			defaultConfigurationIsVisible = 0;
			defaultConfigurationName = Release;
		};
		B55CA1161C6F3A7800F976DB /* Build configuration list for PBXNativeTarget "poneyUITests" */ = {
			isa = XCConfigurationList;
			buildConfigurations = (
				B55CA1171C6F3A7800F976DB /* Debug */,
				B55CA1181C6F3A7800F976DB /* Release */,
			);
			defaultConfigurationIsVisible = 0;
			defaultConfigurationName = Release;
		};
/* End XCConfigurationList section */
	};
	rootObject = B55CA0DE1C6F3A7700F976DB /* Project object */;
}
